
Microsoft Visual Studio Solution File, Format Version 10.00
# Visual Studio 2008
Project("{FAE04EC0-301F-11D3-BF4B-00C04F79EFBC}") = "PESTools", "PESTools\PESTools.csproj", "{D1E65BB8-5D1B-4744-B178-34D1CF36388A}"
EndProject
Global
	GlobalSection(SolutionConfigurationPlatforms) = preSolution
		Debug|Any CPU = Debug|Any CPU
		Release|Any CPU = Release|Any CPU
	EndGlobalSection
	GlobalSection(ProjectConfigurationPlatforms) = postSolution
		{D1E65BB8-5D1B-4744-B178-34D1CF36388A}.Debug|Any CPU.ActiveCfg = Debug|Any CPU
		{D1E65BB8-5D1B-4744-B178-34D1CF36388A}.Debug|Any CPU.Build.0 = Debug|Any CPU
		{D1E65BB8-5D1B-4744-B178-34D1CF36388A}.Release|Any CPU.ActiveCfg = Release|Any CPU
		{D1E65BB8-5D1B-4744-B178-34D1CF36388A}.Release|Any CPU.Build.0 = Release|Any CPU
	EndGlobalSection
	GlobalSection(SolutionProperties) = preSolution
		HideSolutionNode = FALSE
	EndGlobalSection
EndGlobal
